
Microsoft Visual Studio Solution File, Format Version 12.00
# Visual Studio Version 17
VisualStudioVersion = 17.7.34024.191
MinimumVisualStudioVersion = 10.0.40219.1
Project("{FAE04EC0-301F-11D3-BF4B-00C04F79EFBC}") = "ChessBoard", "ChessBoard.csproj", "{A8361D61-F2BD-4775-81C7-6C53A7914641}"
EndProject
Global
	GlobalSection(SolutionConfigurationPlatforms) = preSolution
		Debug|Any CPU = Debug|Any CPU
		Release|Any CPU = Release|Any CPU
	EndGlobalSection
	GlobalSection(ProjectConfigurationPlatforms) = postSolution
		{A8361D61-F2BD-4775-81C7-6C53A7914641}.Debug|Any CPU.ActiveCfg = Debug|Any CPU
		{A8361D61-F2BD-4775-81C7-6C53A7914641}.Debug|Any CPU.Build.0 = Debug|Any CPU
		{A8361D61-F2BD-4775-81C7-6C53A7914641}.Release|Any CPU.ActiveCfg = Release|Any CPU
		{A8361D61-F2BD-4775-81C7-6C53A7914641}.Release|Any CPU.Build.0 = Release|Any CPU
	EndGlobalSection
	GlobalSection(SolutionProperties) = preSolution
		HideSolutionNode = FALSE
	EndGlobalSection
	GlobalSection(ExtensibilityGlobals) = postSolution
		SolutionGuid = {08B758BD-8580-4116-8147-5CAEA0432B85}
	EndGlobalSection
EndGlobal
